
Microsoft Visual Studio Solution File, Format Version 12.00
# Visual Studio Version 16
VisualStudioVersion = 16.0.31321.278
MinimumVisualStudioVersion = 10.0.40219.1
Project("{FAE04EC0-301F-11D3-BF4B-00C04F79EFBC}") = "DShopCore.WebApp", "DShopCore.WebApp\DShopCore.WebApp.csproj", "{7F6E30D1-3DA5-4BD9-A2D2-F5A490D9F885}"
EndProject
Project("{2150E333-8FDC-42A3-9474-1A3956D46DE8}") = "Solution Items", "Solution Items", "{E272946F-C629-4405-83FF-19A7F73205D7}"
	ProjectSection(SolutionItems) = preProject
		README.md = README.md
	EndProjectSection
EndProject
Project("{FAE04EC0-301F-11D3-BF4B-00C04F79EFBC}") = "DShopCore.Data", "DShopCore.Data\DShopCore.Data.csproj", "{DF2B641D-057C-4605-A6C2-EF1680BAE2B0}"
EndProject
Project("{FAE04EC0-301F-11D3-BF4B-00C04F79EFBC}") = "DShopCore.Application", "DShopCore.Application\DShopCore.Application.csproj", "{2471DF55-DF0C-4863-B5FE-FC2F30EEF9A2}"
EndProject
Global
	GlobalSection(SolutionConfigurationPlatforms) = preSolution
		Debug|Any CPU = Debug|Any CPU
		Release|Any CPU = Release|Any CPU
	EndGlobalSection
	GlobalSection(ProjectConfigurationPlatforms) = postSolution
		{7F6E30D1-3DA5-4BD9-A2D2-F5A490D9F885}.Debug|Any CPU.ActiveCfg = Debug|Any CPU
		{7F6E30D1-3DA5-4BD9-A2D2-F5A490D9F885}.Debug|Any CPU.Build.0 = Debug|Any CPU
		{7F6E30D1-3DA5-4BD9-A2D2-F5A490D9F885}.Release|Any CPU.ActiveCfg = Release|Any CPU
		{7F6E30D1-3DA5-4BD9-A2D2-F5A490D9F885}.Release|Any CPU.Build.0 = Release|Any CPU
		{DF2B641D-057C-4605-A6C2-EF1680BAE2B0}.Debug|Any CPU.ActiveCfg = Debug|Any CPU
		{DF2B641D-057C-4605-A6C2-EF1680BAE2B0}.Debug|Any CPU.Build.0 = Debug|Any CPU
		{DF2B641D-057C-4605-A6C2-EF1680BAE2B0}.Release|Any CPU.ActiveCfg = Release|Any CPU
		{DF2B641D-057C-4605-A6C2-EF1680BAE2B0}.Release|Any CPU.Build.0 = Release|Any CPU
		{2471DF55-DF0C-4863-B5FE-FC2F30EEF9A2}.Debug|Any CPU.ActiveCfg = Debug|Any CPU
		{2471DF55-DF0C-4863-B5FE-FC2F30EEF9A2}.Debug|Any CPU.Build.0 = Debug|Any CPU
		{2471DF55-DF0C-4863-B5FE-FC2F30EEF9A2}.Release|Any CPU.ActiveCfg = Release|Any CPU
		{2471DF55-DF0C-4863-B5FE-FC2F30EEF9A2}.Release|Any CPU.Build.0 = Release|Any CPU
	EndGlobalSection
	GlobalSection(SolutionProperties) = preSolution
		HideSolutionNode = FALSE
	EndGlobalSection
	GlobalSection(ExtensibilityGlobals) = postSolution
		SolutionGuid = {9ECFE2CF-9BBD-42F8-B217-64070EED2A35}
	EndGlobalSection
EndGlobal
